
Microsoft Visual Studio Solution File, Format Version 12.00
# Visual Studio Version 17
VisualStudioVersion = 17.4.33205.214
MinimumVisualStudioVersion = 10.0.40219.1
Project("{FAE04EC0-301F-11D3-BF4B-00C04F79EFBC}") = "Method practice 5", "Method practice 5\Method practice 5.csproj", "{3B4818A6-034D-4499-B059-55D9236FC342}"
EndProject
Global
	GlobalSection(SolutionConfigurationPlatforms) = preSolution
		Debug|Any CPU = Debug|Any CPU
		Release|Any CPU = Release|Any CPU
	EndGlobalSection
	GlobalSection(ProjectConfigurationPlatforms) = postSolution
		{3B4818A6-034D-4499-B059-55D9236FC342}.Debug|Any CPU.ActiveCfg = Debug|Any CPU
		{3B4818A6-034D-4499-B059-55D9236FC342}.Debug|Any CPU.Build.0 = Debug|Any CPU
		{3B4818A6-034D-4499-B059-55D9236FC342}.Release|Any CPU.ActiveCfg = Release|Any CPU
		{3B4818A6-034D-4499-B059-55D9236FC342}.Release|Any CPU.Build.0 = Release|Any CPU
	EndGlobalSection
	GlobalSection(SolutionProperties) = preSolution
		HideSolutionNode = FALSE
	EndGlobalSection
	GlobalSection(ExtensibilityGlobals) = postSolution
		SolutionGuid = {72DB2ECA-F51C-43CD-BA29-40BDE6A0BF27}
	EndGlobalSection
EndGlobal
